<Solution>
  <Configurations>
    <Platform Name="Any CPU" />
    <Platform Name="x64" />
    <Platform Name="x86" />
  </Configurations>
  <Folder Name="/Solution Items/">
    <File Path=".csharpierrc.yaml" />
    <File Path=".editorconfig" />
    <File Path="Directory.Packages.props" />
    <File Path="global.json" />
  </Folder>
  <Project Path="WinTabber.Api.Media/WinTabber.Api.Media.csproj" />
  <Project Path="WinTabber.Api.Tests/WinTabber.Api.Tests.csproj" />
  <Project Path="WinTabber.API/WinTabber.API.csproj" />
  <Project Path="WinTabber.Common.Util/WinTabber.Common.Util.csproj" />
  <Project Path="WinTabber.Events/WinTabber.Events.csproj" />
  <Project Path="WinTabber.Events.Tests/WinTabber.Events.Tests.csproj" />
  <Project Path="WinTabber.Generators/WinTabber.Generators.csproj" />
  <Project Path="WinTabber.Infrastructure.Tests/WinTabber.Infrastructure.Tests.csproj" />
  <Project Path="WinTabber.Interop/WinTabber.Interop.csproj" />
  <Project Path="Wintabber.SessionsTest/Wintabber.SessionsTest.csproj" />
  <Project Path="WinTabber.UI.Common/WinTabber.UI.Common.csproj" Id="6c62a599-abec-4e60-9041-31f6c3db7dd4" />
  <Project Path="WinTabber.UI.Media/WinTabber.UI.Media.csproj" Id="1c832ef2-4b5b-4f5b-bc19-bdbf004c8a25" />
  <Project Path="WinTabberUI/WinTabberUI.csproj" />
</Solution>
